
Microsoft Visual Studio Solution File, Format Version 12.00
# Visual Studio Version 17
VisualStudioVersion = 17.4.33122.133
MinimumVisualStudioVersion = 10.0.40219.1
Project("{FAE04EC0-301F-11D3-BF4B-00C04F79EFBC}") = "AlfaBookStore", "AlfaBookStore\AlfaBookStore.csproj", "{CBA7AB72-173C-4390-9E4F-5A4DFF2DC656}"
EndProject
Global
	GlobalSection(SolutionConfigurationPlatforms) = preSolution
		Debug|Any CPU = Debug|Any CPU
		Release|Any CPU = Release|Any CPU
	EndGlobalSection
	GlobalSection(ProjectConfigurationPlatforms) = postSolution
		{CBA7AB72-173C-4390-9E4F-5A4DFF2DC656}.Debug|Any CPU.ActiveCfg = Debug|Any CPU
		{CBA7AB72-173C-4390-9E4F-5A4DFF2DC656}.Debug|Any CPU.Build.0 = Debug|Any CPU
		{CBA7AB72-173C-4390-9E4F-5A4DFF2DC656}.Release|Any CPU.ActiveCfg = Release|Any CPU
		{CBA7AB72-173C-4390-9E4F-5A4DFF2DC656}.Release|Any CPU.Build.0 = Release|Any CPU
	EndGlobalSection
	GlobalSection(SolutionProperties) = preSolution
		HideSolutionNode = FALSE
	EndGlobalSection
	GlobalSection(ExtensibilityGlobals) = postSolution
		SolutionGuid = {DFA4F9A8-F533-471B-AE12-328FDB238B7F}
	EndGlobalSection
EndGlobal
